// !$*UTF8*$!
{
	archiveVersion = 1;
	classes = {
	};
	objectVersion = 46;
	objects = {

/* Begin PBXBuildFile section */
		CB09E0621DA90B91002D4477 /* AppDelegate.swift in Sources */ = {isa = PBXBuildFile; fileRef = CB09E0611DA90B91002D4477 /* AppDelegate.swift */; };
		CB09E0671DA90B91002D4477 /* Main.storyboard in Resources */ = {isa = PBXBuildFile; fileRef = CB09E0651DA90B91002D4477 /* Main.storyboard */; };
		CB09E0691DA90B91002D4477 /* Assets.xcassets in Resources */ = {isa = PBXBuildFile; fileRef = CB09E0681DA90B91002D4477 /* Assets.xcassets */; };
		CB09E06C1DA90B91002D4477 /* LaunchScreen.storyboard in Resources */ = {isa = PBXBuildFile; fileRef = CB09E06A1DA90B91002D4477 /* LaunchScreen.storyboard */; };
		CB09E0741DA90C0A002D4477 /* FrequentController.swift in Sources */ = {isa = PBXBuildFile; fileRef = CB09E0731DA90C0A002D4477 /* FrequentController.swift */; };
/* End PBXBuildFile section */

/* Begin PBXFileReference section */
		CB09E05E1DA90B91002D4477 /* aa.app */ = {isa = PBXFileReference; explicitFileType = wrapper.application; includeInIndex = 0; path = aa.app; sourceTree = BUILT_PRODUCTS_DIR; };
		CB09E0611DA90B91002D4477 /* AppDelegate.swift */ = {isa = PBXFileReference; lastKnownFileType = sourcecode.swift; path = AppDelegate.swift; sourceTree = "<group>"; };
		CB09E0661DA90B91002D4477 /* Base */ = {isa = PBXFileReference; lastKnownFileType = file.storyboard; name = Base; path = Base.lproj/Main.storyboard; sourceTree = "<group>"; };
		CB09E0681DA90B91002D4477 /* Assets.xcassets */ = {isa = PBXFileReference; lastKnownFileType = folder.assetcatalog; path = Assets.xcassets; sourceTree = "<group>"; };
		CB09E06B1DA90B91002D4477 /* Base */ = {isa = PBXFileReference; lastKnownFileType = file.storyboard; name = Base; path = Base.lproj/LaunchScreen.storyboard; sourceTree = "<group>"; };
		CB09E06D1DA90B91002D4477 /* Info.plist */ = {isa = PBXFileReference; lastKnownFileType = text.plist.xml; path = Info.plist; sourceTree = "<group>"; };
		CB09E0731DA90C0A002D4477 /* FrequentController.swift */ = {isa = PBXFileReference; fileEncoding = 4; lastKnownFileType = sourcecode.swift; path = FrequentController.swift; sourceTree = "<group>"; };
/* End PBXFileReference section */

/* Begin PBXFrameworksBuildPhase section */
		CB09E05B1DA90B91002D4477 /* Frameworks */ = {
			isa = PBXFrameworksBuildPhase;
			buildActionMask = 2147483647;
			files = (
			);
			runOnlyForDeploymentPostprocessing = 0;
		};
/* End PBXFrameworksBuildPhase section */

/* Begin PBXGroup section */
		CB09E0551DA90B91002D4477 = {
			isa = PBXGroup;
			children = (
				CB09E0601DA90B91002D4477 /* aa */,
				CB09E05F1DA90B91002D4477 /* Products */,
			);
			sourceTree = "<group>";
		};
		CB09E05F1DA90B91002D4477 /* Products */ = {
			isa = PBXGroup;
			children = (
				CB09E05E1DA90B91002D4477 /* aa.app */,
			);
			name = Products;
			sourceTree = "<group>";
		};
		CB09E0601DA90B91002D4477 /* aa */ = {
			isa = PBXGroup;
			children = (
				CB09E0611DA90B91002D4477 /* AppDelegate.swift */,
				CB09E0731DA90C0A002D4477 /* FrequentController.swift */,
				CB09E0681DA90B91002D4477 /* Assets.xcassets */,
				CB09E0651DA90B91002D4477 /* Main.storyboard */,
				CB09E06A1DA90B91002D4477 /* LaunchScreen.storyboard */,
				CB09E06D1DA90B91002D4477 /* Info.plist */,
			);
			path = aa;
			sourceTree = "<group>";
		};
/* End PBXGroup section */

/* Begin PBXNativeTarget section */
		CB09E05D1DA90B91002D4477 /* aa */ = {
			isa = PBXNativeTarget;
			buildConfigurationList = CB09E0701DA90B91002D4477 /* Build configuration list for PBXNativeTarget "aa" */;
			buildPhases = (
				CB09E05A1DA90B91002D4477 /* Sources */,
				CB09E05B1DA90B91002D4477 /* Frameworks */,
				CB09E05C1DA90B91002D4477 /* Resources */,
			);
			buildRules = (
			);
			dependencies = (
			);
			name = aa;
			productName = aa;
			productReference = CB09E05E1DA90B91002D4477 /* aa.app */;
			productType = "com.apple.product-type.application";
		};
/* End PBXNativeTarget section */

/* Begin PBXProject section */
		CB09E0561DA90B91002D4477 /* Project object */ = {
			isa = PBXProject;
			attributes = {
				LastSwiftUpdateCheck = 0800;
				LastUpgradeCheck = 0800;
				ORGANIZATIONNAME = XtreemSolution;
				TargetAttributes = {
					CB09E05D1DA90B91002D4477 = {
						CreatedOnToolsVersion = 8.0;
						ProvisioningStyle = Automatic;
					};
				};
			};
			buildConfigurationList = CB09E0591DA90B91002D4477 /* Build configuration list for PBXProject "aa" */;
			compatibilityVersion = "Xcode 3.2";
			developmentRegion = English;
			hasScannedForEncodings = 0;
			knownRegions = (
				en,
				Base,
			);
			mainGroup = CB09E0551DA90B91002D4477;
			productRefGroup = CB09E05F1DA90B91002D4477 /* Products */;
			projectDirPath = "";
			projectRoot = "";
			targets = (
				CB09E05D1DA90B91002D4477 /* aa */,
			);
		};
/* End PBXProject section */

/* Begin PBXResourcesBuildPhase section */
		CB09E05C1DA90B91002D4477 /* Resources */ = {
			isa = PBXResourcesBuildPhase;
			buildActionMask = 2147483647;
			files = (
				CB09E06C1DA90B91002D4477 /* LaunchScreen.storyboard in Resources */,
				CB09E0691DA90B91002D4477 /* Assets.xcassets in Resources */,
				CB09E0671DA90B91002D4477 /* Main.storyboard in Resources */,
			);
			runOnlyForDeploymentPostprocessing = 0;
		};
/* End PBXResourcesBuildPhase section */

/* Begin PBXSourcesBuildPhase section */
		CB09E05A1DA90B91002D4477 /* Sources */ = {
			isa = PBXSourcesBuildPhase;
			buildActionMask = 2147483647;
			files = (
				CB09E0741DA90C0A002D4477 /* FrequentController.swift in Sources */,
				CB09E0621DA90B91002D4477 /* AppDelegate.swift in Sources */,
			);
			runOnlyForDeploymentPostprocessing = 0;
		};
/* End PBXSourcesBuildPhase section */

/* Begin PBXVariantGroup section */
		CB09E0651DA90B91002D4477 /* Main.storyboard */ = {
			isa = PBXVariantGroup;
			children = (
				CB09E0661DA90B91002D4477 /* Base */,
			);
			name = Main.storyboard;
			sourceTree = "<group>";
		};
		CB09E06A1DA90B91002D4477 /* LaunchScreen.storyboard */ = {
			isa = PBXVariantGroup;
			children = (
				CB09E06B1DA90B91002D4477 /* Base */,
			);
			name = LaunchScreen.storyboard;
			sourceTree = "<group>";
		};
/* End PBXVariantGroup section */

/* Begin XCBuildConfiguration section */
		CB09E06E1DA90B91002D4477 /* Debug */ = {
			isa = XCBuildConfiguration;
			buildSettings = {
				ALWAYS_SEARCH_USER_PATHS = NO;
				CLANG_ANALYZER_NONNULL = YES;
				CLANG_CXX_LANGUAGE_STANDARD = "gnu++0x";
				CLANG_CXX_LIBRARY = "libc++";
				CLANG_ENABLE_MODULES = YES;
				CLANG_ENABLE_OBJC_ARC = YES;
				CLANG_WARN_BOOL_CONVERSION = YES;
				CLANG_WARN_CONSTANT_CONVERSION = YES;
				CLANG_WARN_DIRECT_OBJC_ISA_USAGE = YES_ERROR;
				CLANG_WARN_DOCUMENTATION_COMMENTS = YES;
				CLANG_WARN_EMPTY_BODY = YES;
				CLANG_WARN_ENUM_CONVERSION = YES;
				CLANG_WARN_INFINITE_RECURSION = YES;
				CLANG_WARN_INT_CONVERSION = YES;
				CLANG_WARN_OBJC_ROOT_CLASS = YES_ERROR;
				CLANG_WARN_SUSPICIOUS_MOVES = YES;
				CLANG_WARN_UNREACHABLE_CODE = YES;
				CLANG_WARN__DUPLICATE_METHOD_MATCH = YES;
				"CODE_SIGN_IDENTITY[sdk=iphoneos*]" = "iPhone Developer";
				COPY_PHASE_STRIP = NO;
				DEBUG_INFORMATION_FORMAT = dwarf;
				ENABLE_STRICT_OBJC_MSGSEND = YES;
				ENABLE_TESTABILITY = YES;
				GCC_C_LANGUAGE_STANDARD = gnu99;
				GCC_DYNAMIC_NO_PIC = NO;
				GCC_NO_COMMON_BLOCKS = YES;
				GCC_OPTIMIZATION_LEVEL = 0;
				GCC_PREPROCESSOR_DEFINITIONS = (
					"DEBUG=1",
					"$(inherited)",
				);
				GCC_WARN_64_TO_32_BIT_CONVERSION = YES;
				GCC_WARN_ABOUT_RETURN_TYPE = YES_ERROR;
				GCC_WARN_UNDECLARED_SELECTOR = YES;
				GCC_WARN_UNINITIALIZED_AUTOS = YES_AGGRESSIVE;
				GCC_WARN_UNUSED_FUNCTION = YES;
				GCC_WARN_UNUSED_VARIABLE = YES;
				IPHONEOS_DEPLOYMENT_TARGET = 10.0;
				MTL_ENABLE_DEBUG_INFO = YES;
				ONLY_ACTIVE_ARCH = YES;
				SDKROOT = iphoneos;
				SWIFT_ACTIVE_COMPILATION_CONDITIONS = DEBUG;
				SWIFT_OPTIMIZATION_LEVEL = "-Onone";
			};
			name = Debug;
		};
		CB09E06F1DA90B91002D4477 /* Release */ = {
			isa = XCBuildConfiguration;
			buildSettings = {
				ALWAYS_SEARCH_USER_PATHS = NO;
				CLANG_ANALYZER_NONNULL = YES;
				CLANG_CXX_LANGUAGE_STANDARD = "gnu++0x";
				CLANG_CXX_LIBRARY = "libc++";
				CLANG_ENABLE_MODULES = YES;
				CLANG_ENABLE_OBJC_ARC = YES;
				CLANG_WARN_BOOL_CONVERSION = YES;
				CLANG_WARN_CONSTANT_CONVERSION = YES;
				CLANG_WARN_DIRECT_OBJC_ISA_USAGE = YES_ERROR;
				CLANG_WARN_DOCUMENTATION_COMMENTS = YES;
				CLANG_WARN_EMPTY_BODY = YES;
				CLANG_WARN_ENUM_CONVERSION = YES;
				CLANG_WARN_INFINITE_RECURSION = YES;
				CLANG_WARN_INT_CONVERSION = YES;
				CLANG_WARN_OBJC_ROOT_CLASS = YES_ERROR;
				CLANG_WARN_SUSPICIOUS_MOVES = YES;
				CLANG_WARN_UNREACHABLE_CODE = YES;
				CLANG_WARN__DUPLICATE_METHOD_MATCH = YES;
				"CODE_SIGN_IDENTITY[sdk=iphoneos*]" = "iPhone Developer";
				COPY_PHASE_STRIP = NO;
				DEBUG_INFORMATION_FORMAT = "dwarf-with-dsym";
				ENABLE_NS_ASSERTIONS = NO;
				ENABLE_STRICT_OBJC_MSGSEND = YES;
				GCC_C_LANGUAGE_STANDARD = gnu99;
				GCC_NO_COMMON_BLOCKS = YES;
				GCC_WARN_64_TO_32_BIT_CONVERSION = YES;
				GCC_WARN_ABOUT_RETURN_TYPE = YES_ERROR;
				GCC_WARN_UNDECLARED_SELECTOR = YES;
				GCC_WARN_UNINITIALIZED_AUTOS = YES_AGGRESSIVE;
				GCC_WARN_UNUSED_FUNCTION = YES;
				GCC_WARN_UNUSED_VARIABLE = YES;
				IPHONEOS_DEPLOYMENT_TARGET = 10.0;
				MTL_ENABLE_DEBUG_INFO = NO;
				SDKROOT = iphoneos;
				SWIFT_OPTIMIZATION_LEVEL = "-Owholemodule";
				VALIDATE_PRODUCT = YES;
			};
			name = Release;
		};
		CB09E0711DA90B91002D4477 /* Debug */ = {
			isa = XCBuildConfiguration;
			buildSettings = {
				ASSETCATALOG_COMPILER_APPICON_NAME = AppIcon;
				INFOPLIST_FILE = aa/Info.plist;
				IPHONEOS_DEPLOYMENT_TARGET = 8.0;
				LD_RUNPATH_SEARCH_PATHS = "$(inherited) @executable_path/Frameworks";
				PRODUCT_BUNDLE_IDENTIFIER = com.xtreem.aa;
				PRODUCT_NAME = "$(TARGET_NAME)";
				SWIFT_VERSION = 3.0;
			};
			name = Debug;
		};
		CB09E0721DA90B91002D4477 /* Release */ = {
			isa = XCBuildConfiguration;
			buildSettings = {
				ASSETCATALOG_COMPILER_APPICON_NAME = AppIcon;
				INFOPLIST_FILE = aa/Info.plist;
				IPHONEOS_DEPLOYMENT_TARGET = 8.0;
				LD_RUNPATH_SEARCH_PATHS = "$(inherited) @executable_path/Frameworks";
				PRODUCT_BUNDLE_IDENTIFIER = com.xtreem.aa;
				PRODUCT_NAME = "$(TARGET_NAME)";
				SWIFT_VERSION = 3.0;
			};
			name = Release;
		};
/* End XCBuildConfiguration section */

/* Begin XCConfigurationList section */
		CB09E0591DA90B91002D4477 /* Build configuration list for PBXProject "aa" */ = {
			isa = XCConfigurationList;
			buildConfigurations = (
				CB09E06E1DA90B91002D4477 /* Debug */,
				CB09E06F1DA90B91002D4477 /* Release */,
			);
			defaultConfigurationIsVisible = 0;
			defaultConfigurationName = Release;
		};
		CB09E0701DA90B91002D4477 /* Build configuration list for PBXNativeTarget "aa" */ = {
			isa = XCConfigurationList;
			buildConfigurations = (
				CB09E0711DA90B91002D4477 /* Debug */,
				CB09E0721DA90B91002D4477 /* Release */,
			);
			defaultConfigurationIsVisible = 0;
			defaultConfigurationName = Release;
		};
/* End XCConfigurationList section */
	};
	rootObject = CB09E0561DA90B91002D4477 /* Project object */;
}
