// !$*UTF8*$!
{
	archiveVersion = 1;
	classes = {
	};
	objectVersion = 46;
	objects = {

/* Begin PBXBuildFile section */
		CBBBFD3D1DE4203800F32B7C /* AppDelegate.swift in Sources */ = {isa = PBXBuildFile; fileRef = CBBBFD3C1DE4203800F32B7C /* AppDelegate.swift */; };
		CBBBFD3F1DE4203800F32B7C /* ViewController.swift in Sources */ = {isa = PBXBuildFile; fileRef = CBBBFD3E1DE4203800F32B7C /* ViewController.swift */; };
		CBBBFD421DE4203800F32B7C /* Main.storyboard in Resources */ = {isa = PBXBuildFile; fileRef = CBBBFD401DE4203800F32B7C /* Main.storyboard */; };
		CBBBFD441DE4203800F32B7C /* Assets.xcassets in Resources */ = {isa = PBXBuildFile; fileRef = CBBBFD431DE4203800F32B7C /* Assets.xcassets */; };
		CBBBFD471DE4203800F32B7C /* LaunchScreen.storyboard in Resources */ = {isa = PBXBuildFile; fileRef = CBBBFD451DE4203800F32B7C /* LaunchScreen.storyboard */; };
/* End PBXBuildFile section */

/* Begin PBXFileReference section */
		CBBBFD391DE4203800F32B7C /* SorabhSirScreen22Nov.app */ = {isa = PBXFileReference; explicitFileType = wrapper.application; includeInIndex = 0; path = SorabhSirScreen22Nov.app; sourceTree = BUILT_PRODUCTS_DIR; };
		CBBBFD3C1DE4203800F32B7C /* AppDelegate.swift */ = {isa = PBXFileReference; lastKnownFileType = sourcecode.swift; path = AppDelegate.swift; sourceTree = "<group>"; };
		CBBBFD3E1DE4203800F32B7C /* ViewController.swift */ = {isa = PBXFileReference; lastKnownFileType = sourcecode.swift; path = ViewController.swift; sourceTree = "<group>"; };
		CBBBFD411DE4203800F32B7C /* Base */ = {isa = PBXFileReference; lastKnownFileType = file.storyboard; name = Base; path = Base.lproj/Main.storyboard; sourceTree = "<group>"; };
		CBBBFD431DE4203800F32B7C /* Assets.xcassets */ = {isa = PBXFileReference; lastKnownFileType = folder.assetcatalog; path = Assets.xcassets; sourceTree = "<group>"; };
		CBBBFD461DE4203800F32B7C /* Base */ = {isa = PBXFileReference; lastKnownFileType = file.storyboard; name = Base; path = Base.lproj/LaunchScreen.storyboard; sourceTree = "<group>"; };
		CBBBFD481DE4203800F32B7C /* Info.plist */ = {isa = PBXFileReference; lastKnownFileType = text.plist.xml; path = Info.plist; sourceTree = "<group>"; };
/* End PBXFileReference section */

/* Begin PBXFrameworksBuildPhase section */
		CBBBFD361DE4203700F32B7C /* Frameworks */ = {
			isa = PBXFrameworksBuildPhase;
			buildActionMask = 2147483647;
			files = (
			);
			runOnlyForDeploymentPostprocessing = 0;
		};
/* End PBXFrameworksBuildPhase section */

/* Begin PBXGroup section */
		CBBBFD301DE4203700F32B7C = {
			isa = PBXGroup;
			children = (
				CBBBFD3B1DE4203800F32B7C /* SorabhSirScreen22Nov */,
				CBBBFD3A1DE4203800F32B7C /* Products */,
			);
			sourceTree = "<group>";
		};
		CBBBFD3A1DE4203800F32B7C /* Products */ = {
			isa = PBXGroup;
			children = (
				CBBBFD391DE4203800F32B7C /* SorabhSirScreen22Nov.app */,
			);
			name = Products;
			sourceTree = "<group>";
		};
		CBBBFD3B1DE4203800F32B7C /* SorabhSirScreen22Nov */ = {
			isa = PBXGroup;
			children = (
				CBBBFD3C1DE4203800F32B7C /* AppDelegate.swift */,
				CBBBFD3E1DE4203800F32B7C /* ViewController.swift */,
				CBBBFD401DE4203800F32B7C /* Main.storyboard */,
				CBBBFD431DE4203800F32B7C /* Assets.xcassets */,
				CBBBFD451DE4203800F32B7C /* LaunchScreen.storyboard */,
				CBBBFD481DE4203800F32B7C /* Info.plist */,
			);
			path = SorabhSirScreen22Nov;
			sourceTree = "<group>";
		};
/* End PBXGroup section */

/* Begin PBXNativeTarget section */
		CBBBFD381DE4203700F32B7C /* SorabhSirScreen22Nov */ = {
			isa = PBXNativeTarget;
			buildConfigurationList = CBBBFD4B1DE4203800F32B7C /* Build configuration list for PBXNativeTarget "SorabhSirScreen22Nov" */;
			buildPhases = (
				CBBBFD351DE4203700F32B7C /* Sources */,
				CBBBFD361DE4203700F32B7C /* Frameworks */,
				CBBBFD371DE4203700F32B7C /* Resources */,
			);
			buildRules = (
			);
			dependencies = (
			);
			name = SorabhSirScreen22Nov;
			productName = SorabhSirScreen22Nov;
			productReference = CBBBFD391DE4203800F32B7C /* SorabhSirScreen22Nov.app */;
			productType = "com.apple.product-type.application";
		};
/* End PBXNativeTarget section */

/* Begin PBXProject section */
		CBBBFD311DE4203700F32B7C /* Project object */ = {
			isa = PBXProject;
			attributes = {
				LastSwiftUpdateCheck = 0800;
				LastUpgradeCheck = 0800;
				ORGANIZATIONNAME = XtreemSolution;
				TargetAttributes = {
					CBBBFD381DE4203700F32B7C = {
						CreatedOnToolsVersion = 8.0;
						ProvisioningStyle = Automatic;
					};
				};
			};
			buildConfigurationList = CBBBFD341DE4203700F32B7C /* Build configuration list for PBXProject "SorabhSirScreen22Nov" */;
			compatibilityVersion = "Xcode 3.2";
			developmentRegion = English;
			hasScannedForEncodings = 0;
			knownRegions = (
				en,
				Base,
			);
			mainGroup = CBBBFD301DE4203700F32B7C;
			productRefGroup = CBBBFD3A1DE4203800F32B7C /* Products */;
			projectDirPath = "";
			projectRoot = "";
			targets = (
				CBBBFD381DE4203700F32B7C /* SorabhSirScreen22Nov */,
			);
		};
/* End PBXProject section */

/* Begin PBXResourcesBuildPhase section */
		CBBBFD371DE4203700F32B7C /* Resources */ = {
			isa = PBXResourcesBuildPhase;
			buildActionMask = 2147483647;
			files = (
				CBBBFD471DE4203800F32B7C /* LaunchScreen.storyboard in Resources */,
				CBBBFD441DE4203800F32B7C /* Assets.xcassets in Resources */,
				CBBBFD421DE4203800F32B7C /* Main.storyboard in Resources */,
			);
			runOnlyForDeploymentPostprocessing = 0;
		};
/* End PBXResourcesBuildPhase section */

/* Begin PBXSourcesBuildPhase section */
		CBBBFD351DE4203700F32B7C /* Sources */ = {
			isa = PBXSourcesBuildPhase;
			buildActionMask = 2147483647;
			files = (
				CBBBFD3F1DE4203800F32B7C /* ViewController.swift in Sources */,
				CBBBFD3D1DE4203800F32B7C /* AppDelegate.swift in Sources */,
			);
			runOnlyForDeploymentPostprocessing = 0;
		};
/* End PBXSourcesBuildPhase section */

/* Begin PBXVariantGroup section */
		CBBBFD401DE4203800F32B7C /* Main.storyboard */ = {
			isa = PBXVariantGroup;
			children = (
				CBBBFD411DE4203800F32B7C /* Base */,
			);
			name = Main.storyboard;
			sourceTree = "<group>";
		};
		CBBBFD451DE4203800F32B7C /* LaunchScreen.storyboard */ = {
			isa = PBXVariantGroup;
			children = (
				CBBBFD461DE4203800F32B7C /* Base */,
			);
			name = LaunchScreen.storyboard;
			sourceTree = "<group>";
		};
/* End PBXVariantGroup section */

/* Begin XCBuildConfiguration section */
		CBBBFD491DE4203800F32B7C /* Debug */ = {
			isa = XCBuildConfiguration;
			buildSettings = {
				ALWAYS_SEARCH_USER_PATHS = NO;
				CLANG_ANALYZER_NONNULL = YES;
				CLANG_CXX_LANGUAGE_STANDARD = "gnu++0x";
				CLANG_CXX_LIBRARY = "libc++";
				CLANG_ENABLE_MODULES = YES;
				CLANG_ENABLE_OBJC_ARC = YES;
				CLANG_WARN_BOOL_CONVERSION = YES;
				CLANG_WARN_CONSTANT_CONVERSION = YES;
				CLANG_WARN_DIRECT_OBJC_ISA_USAGE = YES_ERROR;
				CLANG_WARN_DOCUMENTATION_COMMENTS = YES;
				CLANG_WARN_EMPTY_BODY = YES;
				CLANG_WARN_ENUM_CONVERSION = YES;
				CLANG_WARN_INFINITE_RECURSION = YES;
				CLANG_WARN_INT_CONVERSION = YES;
				CLANG_WARN_OBJC_ROOT_CLASS = YES_ERROR;
				CLANG_WARN_SUSPICIOUS_MOVES = YES;
				CLANG_WARN_UNREACHABLE_CODE = YES;
				CLANG_WARN__DUPLICATE_METHOD_MATCH = YES;
				"CODE_SIGN_IDENTITY[sdk=iphoneos*]" = "iPhone Developer";
				COPY_PHASE_STRIP = NO;
				DEBUG_INFORMATION_FORMAT = dwarf;
				ENABLE_STRICT_OBJC_MSGSEND = YES;
				ENABLE_TESTABILITY = YES;
				GCC_C_LANGUAGE_STANDARD = gnu99;
				GCC_DYNAMIC_NO_PIC = NO;
				GCC_NO_COMMON_BLOCKS = YES;
				GCC_OPTIMIZATION_LEVEL = 0;
				GCC_PREPROCESSOR_DEFINITIONS = (
					"DEBUG=1",
					"$(inherited)",
				);
				GCC_WARN_64_TO_32_BIT_CONVERSION = YES;
				GCC_WARN_ABOUT_RETURN_TYPE = YES_ERROR;
				GCC_WARN_UNDECLARED_SELECTOR = YES;
				GCC_WARN_UNINITIALIZED_AUTOS = YES_AGGRESSIVE;
				GCC_WARN_UNUSED_FUNCTION = YES;
				GCC_WARN_UNUSED_VARIABLE = YES;
				IPHONEOS_DEPLOYMENT_TARGET = 10.0;
				MTL_ENABLE_DEBUG_INFO = YES;
				ONLY_ACTIVE_ARCH = YES;
				SDKROOT = iphoneos;
				SWIFT_ACTIVE_COMPILATION_CONDITIONS = DEBUG;
				SWIFT_OPTIMIZATION_LEVEL = "-Onone";
			};
			name = Debug;
		};
		CBBBFD4A1DE4203800F32B7C /* Release */ = {
			isa = XCBuildConfiguration;
			buildSettings = {
				ALWAYS_SEARCH_USER_PATHS = NO;
				CLANG_ANALYZER_NONNULL = YES;
				CLANG_CXX_LANGUAGE_STANDARD = "gnu++0x";
				CLANG_CXX_LIBRARY = "libc++";
				CLANG_ENABLE_MODULES = YES;
				CLANG_ENABLE_OBJC_ARC = YES;
				CLANG_WARN_BOOL_CONVERSION = YES;
				CLANG_WARN_CONSTANT_CONVERSION = YES;
				CLANG_WARN_DIRECT_OBJC_ISA_USAGE = YES_ERROR;
				CLANG_WARN_DOCUMENTATION_COMMENTS = YES;
				CLANG_WARN_EMPTY_BODY = YES;
				CLANG_WARN_ENUM_CONVERSION = YES;
				CLANG_WARN_INFINITE_RECURSION = YES;
				CLANG_WARN_INT_CONVERSION = YES;
				CLANG_WARN_OBJC_ROOT_CLASS = YES_ERROR;
				CLANG_WARN_SUSPICIOUS_MOVES = YES;
				CLANG_WARN_UNREACHABLE_CODE = YES;
				CLANG_WARN__DUPLICATE_METHOD_MATCH = YES;
				"CODE_SIGN_IDENTITY[sdk=iphoneos*]" = "iPhone Developer";
				COPY_PHASE_STRIP = NO;
				DEBUG_INFORMATION_FORMAT = "dwarf-with-dsym";
				ENABLE_NS_ASSERTIONS = NO;
				ENABLE_STRICT_OBJC_MSGSEND = YES;
				GCC_C_LANGUAGE_STANDARD = gnu99;
				GCC_NO_COMMON_BLOCKS = YES;
				GCC_WARN_64_TO_32_BIT_CONVERSION = YES;
				GCC_WARN_ABOUT_RETURN_TYPE = YES_ERROR;
				GCC_WARN_UNDECLARED_SELECTOR = YES;
				GCC_WARN_UNINITIALIZED_AUTOS = YES_AGGRESSIVE;
				GCC_WARN_UNUSED_FUNCTION = YES;
				GCC_WARN_UNUSED_VARIABLE = YES;
				IPHONEOS_DEPLOYMENT_TARGET = 10.0;
				MTL_ENABLE_DEBUG_INFO = NO;
				SDKROOT = iphoneos;
				SWIFT_OPTIMIZATION_LEVEL = "-Owholemodule";
				VALIDATE_PRODUCT = YES;
			};
			name = Release;
		};
		CBBBFD4C1DE4203800F32B7C /* Debug */ = {
			isa = XCBuildConfiguration;
			buildSettings = {
				ASSETCATALOG_COMPILER_APPICON_NAME = AppIcon;
				INFOPLIST_FILE = SorabhSirScreen22Nov/Info.plist;
				LD_RUNPATH_SEARCH_PATHS = "$(inherited) @executable_path/Frameworks";
				PRODUCT_BUNDLE_IDENTIFIER = com.SorabhSirScreen;
				PRODUCT_NAME = "$(TARGET_NAME)";
				SWIFT_VERSION = 3.0;
			};
			name = Debug;
		};
		CBBBFD4D1DE4203800F32B7C /* Release */ = {
			isa = XCBuildConfiguration;
			buildSettings = {
				ASSETCATALOG_COMPILER_APPICON_NAME = AppIcon;
				INFOPLIST_FILE = SorabhSirScreen22Nov/Info.plist;
				LD_RUNPATH_SEARCH_PATHS = "$(inherited) @executable_path/Frameworks";
				PRODUCT_BUNDLE_IDENTIFIER = com.SorabhSirScreen;
				PRODUCT_NAME = "$(TARGET_NAME)";
				SWIFT_VERSION = 3.0;
			};
			name = Release;
		};
/* End XCBuildConfiguration section */

/* Begin XCConfigurationList section */
		CBBBFD341DE4203700F32B7C /* Build configuration list for PBXProject "SorabhSirScreen22Nov" */ = {
			isa = XCConfigurationList;
			buildConfigurations = (
				CBBBFD491DE4203800F32B7C /* Debug */,
				CBBBFD4A1DE4203800F32B7C /* Release */,
			);
			defaultConfigurationIsVisible = 0;
			defaultConfigurationName = Release;
		};
		CBBBFD4B1DE4203800F32B7C /* Build configuration list for PBXNativeTarget "SorabhSirScreen22Nov" */ = {
			isa = XCConfigurationList;
			buildConfigurations = (
				CBBBFD4C1DE4203800F32B7C /* Debug */,
				CBBBFD4D1DE4203800F32B7C /* Release */,
			);
			defaultConfigurationIsVisible = 0;
			defaultConfigurationName = Release;
		};
/* End XCConfigurationList section */
	};
	rootObject = CBBBFD311DE4203700F32B7C /* Project object */;
}
